
Microsoft Visual Studio Solution File, Format Version 12.00
Project("{2150E333-8FDC-42A3-9474-1A3956D46DE8}") = "Core", "Core", "{668B9FFB-F54D-4D0C-9717-C4BB7E5B806D}"
EndProject
Project("{2150E333-8FDC-42A3-9474-1A3956D46DE8}") = "Infrastructure", "Infrastructure", "{825B27FF-B459-497C-92F8-8D87480547B5}"
EndProject
Project("{2150E333-8FDC-42A3-9474-1A3956D46DE8}") = "Test", "Test", "{00518FC3-7026-4E8C-82C9-F7800A6D505E}"
EndProject
Project("{FAE04EC0-301F-11D3-BF4B-00C04F79EFBC}") = "SwitchCommander.Application", "SwitchCommander.Application\SwitchCommander.Application.csproj", "{CA36168C-5E75-48FA-B44E-A83A155570D7}"
EndProject
Project("{FAE04EC0-301F-11D3-BF4B-00C04F79EFBC}") = "SwitchCommander.Domain", "SwitchCommander.Domain\SwitchCommander.Domain.csproj", "{7CCE6A60-3CAB-45AE-9AB8-C9DB339B7AA8}"
EndProject
Project("{FAE04EC0-301F-11D3-BF4B-00C04F79EFBC}") = "SwitchCommander.Persistence", "SwitchCommander.Persistence\SwitchCommander.Persistence.csproj", "{08571550-8F6C-4FCF-9021-8FA1B176EC9B}"
EndProject
Project("{FAE04EC0-301F-11D3-BF4B-00C04F79EFBC}") = "SwitchCommander.WebAPI", "SwitchCommander.WebAPI\SwitchCommander.WebAPI.csproj", "{A03B5BBE-D4B4-4D53-AC24-46DD765354DF}"
EndProject
Project("{FAE04EC0-301F-11D3-BF4B-00C04F79EFBC}") = "SwitchCommander.Blazor", "SwitchCommander.Blazor\SwitchCommander.Blazor.csproj", "{A27E10E2-E3CF-4DD6-8842-E63064176ECC}"
EndProject
Project("{2150E333-8FDC-42A3-9474-1A3956D46DE8}") = "Presentation", "Presentation", "{2B8B6659-D4C3-418F-945A-8C4DA1EC8DBC}"
EndProject
Global
	GlobalSection(SolutionConfigurationPlatforms) = preSolution
		Debug|Any CPU = Debug|Any CPU
		Release|Any CPU = Release|Any CPU
	EndGlobalSection
	GlobalSection(ProjectConfigurationPlatforms) = postSolution
		{CA36168C-5E75-48FA-B44E-A83A155570D7}.Debug|Any CPU.ActiveCfg = Debug|Any CPU
		{CA36168C-5E75-48FA-B44E-A83A155570D7}.Debug|Any CPU.Build.0 = Debug|Any CPU
		{CA36168C-5E75-48FA-B44E-A83A155570D7}.Release|Any CPU.ActiveCfg = Release|Any CPU
		{CA36168C-5E75-48FA-B44E-A83A155570D7}.Release|Any CPU.Build.0 = Release|Any CPU
		{7CCE6A60-3CAB-45AE-9AB8-C9DB339B7AA8}.Debug|Any CPU.ActiveCfg = Debug|Any CPU
		{7CCE6A60-3CAB-45AE-9AB8-C9DB339B7AA8}.Debug|Any CPU.Build.0 = Debug|Any CPU
		{7CCE6A60-3CAB-45AE-9AB8-C9DB339B7AA8}.Release|Any CPU.ActiveCfg = Release|Any CPU
		{7CCE6A60-3CAB-45AE-9AB8-C9DB339B7AA8}.Release|Any CPU.Build.0 = Release|Any CPU
		{08571550-8F6C-4FCF-9021-8FA1B176EC9B}.Debug|Any CPU.ActiveCfg = Debug|Any CPU
		{08571550-8F6C-4FCF-9021-8FA1B176EC9B}.Debug|Any CPU.Build.0 = Debug|Any CPU
		{08571550-8F6C-4FCF-9021-8FA1B176EC9B}.Release|Any CPU.ActiveCfg = Release|Any CPU
		{08571550-8F6C-4FCF-9021-8FA1B176EC9B}.Release|Any CPU.Build.0 = Release|Any CPU
		{A03B5BBE-D4B4-4D53-AC24-46DD765354DF}.Debug|Any CPU.ActiveCfg = Debug|Any CPU
		{A03B5BBE-D4B4-4D53-AC24-46DD765354DF}.Debug|Any CPU.Build.0 = Debug|Any CPU
		{A03B5BBE-D4B4-4D53-AC24-46DD765354DF}.Release|Any CPU.ActiveCfg = Release|Any CPU
		{A03B5BBE-D4B4-4D53-AC24-46DD765354DF}.Release|Any CPU.Build.0 = Release|Any CPU
		{A27E10E2-E3CF-4DD6-8842-E63064176ECC}.Debug|Any CPU.ActiveCfg = Debug|Any CPU
		{A27E10E2-E3CF-4DD6-8842-E63064176ECC}.Debug|Any CPU.Build.0 = Debug|Any CPU
		{A27E10E2-E3CF-4DD6-8842-E63064176ECC}.Release|Any CPU.ActiveCfg = Release|Any CPU
		{A27E10E2-E3CF-4DD6-8842-E63064176ECC}.Release|Any CPU.Build.0 = Release|Any CPU
	EndGlobalSection
	GlobalSection(NestedProjects) = preSolution
		{CA36168C-5E75-48FA-B44E-A83A155570D7} = {668B9FFB-F54D-4D0C-9717-C4BB7E5B806D}
		{7CCE6A60-3CAB-45AE-9AB8-C9DB339B7AA8} = {668B9FFB-F54D-4D0C-9717-C4BB7E5B806D}
		{08571550-8F6C-4FCF-9021-8FA1B176EC9B} = {825B27FF-B459-497C-92F8-8D87480547B5}
		{A27E10E2-E3CF-4DD6-8842-E63064176ECC} = {2B8B6659-D4C3-418F-945A-8C4DA1EC8DBC}
		{A03B5BBE-D4B4-4D53-AC24-46DD765354DF} = {2B8B6659-D4C3-418F-945A-8C4DA1EC8DBC}
	EndGlobalSection
EndGlobal
